{
  "name": "wasm_promise_callbacks",
  "version": "0.0.2",
  "lockfileVersion": 3,
  "requires": true,
  "packages": {
    "": {
      "name": "wasm_promise_callbacks",
      "version": "0.0.2",
      "license": "MIT",
      "dependencies": {
        "cmem_helpers": "^1.0.1"
      },
      "devDependencies": {
        "easywasi": "^0.0.7"
      }
    },
    "node_modules/cmem_helpers": {
      "version": "1.0.1",
      "resolved": "https://registry.npmjs.org/cmem_helpers/-/cmem_helpers-1.0.1.tgz",
      "integrity": "sha512-ZY7FYyNteyYiljWAsmAnZeYkfRXEat47U0PsF2g75n9XPjkBMHOqnMbJJllnJ6D3JjOL4yp3SGUtdcjeYyxFow==",
      "license": "MIT"
    },
    "node_modules/easywasi": {
      "version": "0.0.7",
      "resolved": "https://registry.npmjs.org/easywasi/-/easywasi-0.0.7.tgz",
      "integrity": "sha512-txz2thUNX7ZbHiBSy/nBT307YDnrmlOtqW2VEHvyZc1vm3rjzvEzxUunV44xYTFC2NYAsA9JBoYUm/lQ4Slzpg==",
      "dev": true,
      "license": "MIT",
      "engines": {
        "node": ">=18"
      }
    }
  }
}
