{
  "name": "@easywasm/promises",
  "version": "0.0.1",
  "lockfileVersion": 3,
  "requires": true,
  "packages": {
    "": {
      "name": "@easywasm/promises",
      "version": "0.0.1",
      "license": "MIT",
      "devDependencies": {
        "@easywasm/memory": "^0.0.3",
        "@easywasm/wasi": "^0.0.8"
      }
    },
    "node_modules/@easywasm/memory": {
      "version": "0.0.3",
      "resolved": "https://registry.npmjs.org/@easywasm/memory/-/memory-0.0.3.tgz",
      "integrity": "sha512-jJdAtrAi2r8Gmo3dB10cp4tqMxsxhBgBFrlLhkefDqBPYcpkkCQQTcgvOV6ggGHU6fez5MxmnU3gCRAIgpA/fw==",
      "dev": true,
      "license": "MIT"
    },
    "node_modules/@easywasm/wasi": {
      "version": "0.0.8",
      "resolved": "https://registry.npmjs.org/@easywasm/wasi/-/wasi-0.0.8.tgz",
      "integrity": "sha512-0Dqa7rW1/k7IsJ7PU5PHhhaJaJ4PT1mw09pw1S4oZEHZI3SuLlLtUKfVkNh7O6B2GdvpskqSbvGYZRAWALWg4w==",
      "dev": true,
      "license": "MIT"
    }
  }
}
